{
  "name": "npm-git-test-dep1",
  "version": "2.0.0",
  "lockfileVersion": 1,
  "requires": true,
  "dependencies": {
    "npm-git-test-dep2": {
      "version": "git+ssh://git@github.com/mjs2020/npm-git-test-dep2.git#e3063245da52301f9a3753b4473a582b8455e246",
      "from": "git+ssh://git@github.com/mjs2020/npm-git-test-dep2.git#v1.1.0"
    }
  }
}
